<?xml version="1.0" encoding="utf-8"?>
<Project ToolsVersion="4.0" xmlns="http://schemas.microsoft.com/developer/msbuild/2003">
  <ItemGroup>
    <Filter Include="源文件">
      <UniqueIdentifier>{4FC737F1-C7A5-4376-A066-2A32D752A2FF}</UniqueIdentifier>
      <Extensions>cpp;c;cc;cxx;c++;cppm;ixx;def;odl;idl;hpj;bat;asm;asmx</Extensions>
    </Filter>
    <Filter Include="头文件">
      <UniqueIdentifier>{93995380-89BD-4b04-88EB-625FBE52EBFB}</UniqueIdentifier>
      <Extensions>h;hh;hpp;hxx;h++;hm;inl;inc;ipp;xsd</Extensions>
    </Filter>
    <Filter Include="资源文件">
      <UniqueIdentifier>{67DA6AB6-F800-4c08-8B7A-83BB121AAD01}</UniqueIdentifier>
      <Extensions>rc;ico;cur;bmp;dlg;rc2;rct;bin;rgs;gif;jpg;jpeg;jpe;resx;tiff;tif;png;wav;mfcribbon-ms</Extensions>
    </Filter>
    <Filter Include="CoRoutine">
      <UniqueIdentifier>{721d1059-b592-4a84-b1c8-22984b4db18a}</UniqueIdentifier>
    </Filter>
    <Filter Include="websocketfiles-master">
      <UniqueIdentifier>{b2ba1926-5385-4229-a02c-db888a35ca1e}</UniqueIdentifier>
    </Filter>
    <Filter Include="IocpNetwork">
      <UniqueIdentifier>{b9930064-fd4a-4bfb-b28c-fa9a3254a508}</UniqueIdentifier>
    </Filter>
    <Filter Include="LogStrategy">
      <UniqueIdentifier>{6c3059f5-dbba-4620-9142-06dfb6d5c5db}</UniqueIdentifier>
    </Filter>
    <Filter Include="RecastNavigation">
      <UniqueIdentifier>{d104c857-ac40-455d-bc85-b2223adcdbb7}</UniqueIdentifier>
    </Filter>
    <Filter Include="RecastNavigation\DetourTileCache">
      <UniqueIdentifier>{e2f34177-80ea-40d7-a541-c55176f71d0d}</UniqueIdentifier>
    </Filter>
    <Filter Include="RecastNavigation\Detour">
      <UniqueIdentifier>{fc340d5b-a042-451d-b3d1-52c74e53e5be}</UniqueIdentifier>
    </Filter>
    <Filter Include="RecastNavigation\DetourCrowd">
      <UniqueIdentifier>{a2765b43-c882-4c6a-a96c-91a6af5efae2}</UniqueIdentifier>
    </Filter>
    <Filter Include="RecastNavigation\RecastDemo">
      <UniqueIdentifier>{9dbd1bea-18a2-4e08-9964-ad281a3fd0e7}</UniqueIdentifier>
    </Filter>
    <Filter Include="RecastNavigation\DebugUtils">
      <UniqueIdentifier>{bd845325-604b-4333-b930-4c09a31c4e39}</UniqueIdentifier>
    </Filter>
    <Filter Include="RecastNavigation\Recast">
      <UniqueIdentifier>{19d747b0-521f-42df-84cc-f19c9b4ab6fd}</UniqueIdentifier>
    </Filter>
    <Filter Include="RecastNavigation\RecastDemo\Contrib">
      <UniqueIdentifier>{1c9a54c2-5f97-40af-901e-7716536a2acc}</UniqueIdentifier>
    </Filter>
    <Filter Include="MiniDump">
      <UniqueIdentifier>{8427d678-7bf9-4ffd-b30d-c9e095094e2f}</UniqueIdentifier>
    </Filter>
    <Filter Include="单位组件">
      <UniqueIdentifier>{c5f2b902-104d-436b-bc7a-690e29354d53}</UniqueIdentifier>
    </Filter>
    <Filter Include="Space组件">
      <UniqueIdentifier>{aa4cb359-316a-4c56-9b33-9840cad2cb2b}</UniqueIdentifier>
    </Filter>
    <Filter Include="读配置文件">
      <UniqueIdentifier>{b2ab4215-4e2a-452d-b717-6c058823c9c3}</UniqueIdentifier>
    </Filter>
    <Filter Include="枚举">
      <UniqueIdentifier>{e13b46b3-596e-4fa9-b74e-c40de239efe2}</UniqueIdentifier>
    </Filter>
  </ItemGroup>
  <ItemGroup>
    <ClCompile Include="Space.cpp">
      <Filter>源文件</Filter>
    </ClCompile>
    <ClCompile Include="Entity.cpp">
      <Filter>源文件</Filter>
    </ClCompile>
    <ClCompile Include="mainGpp.cpp">
      <Filter>源文件</Filter>
    </ClCompile>
    <ClCompile Include="GameSvrApp.cpp">
      <Filter>源文件</Filter>
    </ClCompile>
    <ClCompile Include="..\websocketfiles-master\src\main.cpp">
      <Filter>源文件</Filter>
    </ClCompile>
    <ClCompile Include="..\CoRoutine\CoTask.cpp">
      <Filter>CoRoutine</Filter>
    </ClCompile>
    <ClCompile Include="..\CoRoutine\CoTimer.cpp">
      <Filter>CoRoutine</Filter>
    </ClCompile>
    <ClCompile Include="..\IocpNetwork\ListenSocketCompletionKey.cpp">
      <Filter>IocpNetwork</Filter>
    </ClCompile>
    <ClCompile Include="..\IocpNetwork\ByteQueue.cpp">
      <Filter>IocpNetwork</Filter>
    </ClCompile>
    <ClCompile Include="..\IocpNetwork\Server.cpp">
      <Filter>IocpNetwork</Filter>
    </ClCompile>
    <ClCompile Include="..\IocpNetwork\Overlapped.cpp">
      <Filter>IocpNetwork</Filter>
    </ClCompile>
    <ClCompile Include="..\LogStrategy\StrategyLog.cpp">
      <Filter>LogStrategy</Filter>
    </ClCompile>
    <ClCompile Include="..\IocpNetwork\SocketCompeletionKey.cpp">
      <Filter>IocpNetwork</Filter>
    </ClCompile>
    <ClCompile Include="..\websocketfiles-master\src\ws_endpoint.cpp">
      <Filter>websocketfiles-master</Filter>
    </ClCompile>
    <ClCompile Include="..\websocketfiles-master\src\ws_packet.cpp">
      <Filter>websocketfiles-master</Filter>
    </ClCompile>
    <ClCompile Include="..\websocketfiles-master\src\string_helper.cpp">
      <Filter>websocketfiles-master</Filter>
    </ClCompile>
    <ClCompile Include="..\websocketfiles-master\src\sha1_portable.cpp">
      <Filter>websocketfiles-master</Filter>
    </ClCompile>
    <ClCompile Include="..\websocketfiles-master\src\base64.cpp">
      <Filter>websocketfiles-master</Filter>
    </ClCompile>
    <ClCompile Include="..\IocpNetwork\MsgQueue.cpp">
      <Filter>IocpNetwork</Filter>
    </ClCompile>
    <ClCompile Include="..\IocpNetwork\Client.cpp">
      <Filter>IocpNetwork</Filter>
    </ClCompile>
    <ClCompile Include="..\IocpNetwork\ThreadPool.cpp">
      <Filter>IocpNetwork</Filter>
    </ClCompile>
    <ClCompile Include="..\IocpNetwork\StrConv.cpp">
      <Filter>IocpNetwork</Filter>
    </ClCompile>
    <ClCompile Include="ClientSession_GameToWorld.cpp">
      <Filter>源文件</Filter>
    </ClCompile>
    <ClCompile Include="AiCo.cpp">
      <Filter>源文件</Filter>
    </ClCompile>
    <ClCompile Include="PlayerSystem.cpp">
      <Filter>源文件</Filter>
    </ClCompile>
    <ClCompile Include="..\CoRoutine\CoRpc.cpp">
      <Filter>CoRoutine</Filter>
    </ClCompile>
    <ClCompile Include="MyMsgQueue.cpp">
      <Filter>源文件</Filter>
    </ClCompile>
    <ClCompile Include="GameSvrSession.cpp">
      <Filter>源文件</Filter>
    </ClCompile>
    <ClCompile Include="PlayerGateSession_Game.cpp">
      <Filter>源文件</Filter>
    </ClCompile>
    <ClCompile Include="pch.cpp">
      <Filter>源文件</Filter>
    </ClCompile>
    <ClCompile Include="GameSvr.cpp">
      <Filter>源文件</Filter>
    </ClCompile>
    <ClCompile Include="..\IocpNetwork\WsaStartUp.cpp">
      <Filter>IocpNetwork</Filter>
    </ClCompile>
    <ClCompile Include="..\CoRoutine\CoLock.cpp">
      <Filter>CoRoutine</Filter>
    </ClCompile>
    <ClCompile Include="MyEvent.cpp">
      <Filter>源文件</Filter>
    </ClCompile>
    <ClCompile Include="单位.cpp">
      <Filter>源文件</Filter>
    </ClCompile>
    <ClCompile Include="单人剧情.cpp">
      <Filter>源文件</Filter>
    </ClCompile>
    <ClCompile Include="Sample_TempObstacles.cpp">
      <Filter>源文件</Filter>
    </ClCompile>
    <ClCompile Include="..\recastnavigation-main\DetourTileCache\Source\DetourTileCache.cpp">
      <Filter>RecastNavigation\DetourTileCache</Filter>
    </ClCompile>
    <ClCompile Include="..\recastnavigation-main\DetourTileCache\Source\DetourTileCacheBuilder.cpp">
      <Filter>RecastNavigation\DetourTileCache</Filter>
    </ClCompile>
    <ClCompile Include="..\recastnavigation-main\Detour\Source\DetourAlloc.cpp">
      <Filter>RecastNavigation\Detour</Filter>
    </ClCompile>
    <ClCompile Include="..\recastnavigation-main\Detour\Source\DetourAssert.cpp">
      <Filter>RecastNavigation\Detour</Filter>
    </ClCompile>
    <ClCompile Include="..\recastnavigation-main\Detour\Source\DetourCommon.cpp">
      <Filter>RecastNavigation\Detour</Filter>
    </ClCompile>
    <ClCompile Include="..\recastnavigation-main\Detour\Source\DetourNavMesh.cpp">
      <Filter>RecastNavigation\Detour</Filter>
    </ClCompile>
    <ClCompile Include="..\recastnavigation-main\Detour\Source\DetourNavMeshBuilder.cpp">
      <Filter>RecastNavigation\Detour</Filter>
    </ClCompile>
    <ClCompile Include="..\recastnavigation-main\Detour\Source\DetourNavMeshQuery.cpp">
      <Filter>RecastNavigation\Detour</Filter>
    </ClCompile>
    <ClCompile Include="..\recastnavigation-main\Detour\Source\DetourNode.cpp">
      <Filter>RecastNavigation\Detour</Filter>
    </ClCompile>
    <ClCompile Include="RecastNavigationCrowd.cpp">
      <Filter>源文件</Filter>
    </ClCompile>
    <ClCompile Include="..\recastnavigation-main\DetourCrowd\Source\DetourCrowd.cpp">
      <Filter>RecastNavigation\DetourCrowd</Filter>
    </ClCompile>
    <ClCompile Include="..\recastnavigation-main\DetourCrowd\Source\DetourLocalBoundary.cpp">
      <Filter>RecastNavigation\DetourCrowd</Filter>
    </ClCompile>
    <ClCompile Include="..\recastnavigation-main\DetourCrowd\Source\DetourObstacleAvoidance.cpp">
      <Filter>RecastNavigation\DetourCrowd</Filter>
    </ClCompile>
    <ClCompile Include="..\recastnavigation-main\DetourCrowd\Source\DetourPathCorridor.cpp">
      <Filter>RecastNavigation\DetourCrowd</Filter>
    </ClCompile>
    <ClCompile Include="..\recastnavigation-main\DetourCrowd\Source\DetourPathQueue.cpp">
      <Filter>RecastNavigation\DetourCrowd</Filter>
    </ClCompile>
    <ClCompile Include="..\recastnavigation-main\DetourCrowd\Source\DetourProximityGrid.cpp">
      <Filter>RecastNavigation\DetourCrowd</Filter>
    </ClCompile>
    <ClCompile Include="..\recastnavigation-main\RecastDemo\Source\PerfTimer.cpp">
      <Filter>RecastNavigation\RecastDemo</Filter>
    </ClCompile>
    <ClCompile Include="..\recastnavigation-main\RecastDemo\Source\Sample_TempObstacles.cpp">
      <Filter>RecastNavigation\RecastDemo</Filter>
    </ClCompile>
    <ClCompile Include="..\recastnavigation-main\RecastDemo\Source\CrowdTool.cpp">
      <Filter>RecastNavigation\RecastDemo</Filter>
    </ClCompile>
    <ClCompile Include="..\recastnavigation-main\RecastDemo\Source\Sample.cpp">
      <Filter>RecastNavigation\RecastDemo</Filter>
    </ClCompile>
    <ClCompile Include="..\recastnavigation-main\RecastDemo\Source\ValueHistory.cpp">
      <Filter>RecastNavigation\RecastDemo</Filter>
    </ClCompile>
    <ClCompile Include="..\recastnavigation-main\DebugUtils\Source\DebugDraw.cpp">
      <Filter>RecastNavigation\DebugUtils</Filter>
    </ClCompile>
    <ClCompile Include="..\recastnavigation-main\RecastDemo\Source\SampleInterfaces.cpp">
      <Filter>RecastNavigation\RecastDemo</Filter>
    </ClCompile>
    <ClCompile Include="..\recastnavigation-main\RecastDemo\Source\InputGeom.cpp">
      <Filter>RecastNavigation\RecastDemo</Filter>
    </ClCompile>
    <ClCompile Include="..\recastnavigation-main\RecastDemo\Source\ChunkyTriMesh.cpp">
      <Filter>RecastNavigation\RecastDemo</Filter>
    </ClCompile>
    <ClCompile Include="..\recastnavigation-main\RecastDemo\Source\MeshLoaderObj.cpp">
      <Filter>RecastNavigation\RecastDemo</Filter>
    </ClCompile>
    <ClCompile Include="..\recastnavigation-main\RecastDemo\Contrib\fastlz\fastlz.c">
      <Filter>RecastNavigation\RecastDemo\Contrib</Filter>
    </ClCompile>
    <ClCompile Include="EntitySystem.cpp">
      <Filter>源文件</Filter>
    </ClCompile>
    <ClCompile Include="..\recastnavigation-main\Recast\Source\Recast.cpp">
      <Filter>RecastNavigation\Recast</Filter>
    </ClCompile>
    <ClCompile Include="..\recastnavigation-main\DebugUtils\Source\RecastDump.cpp">
      <Filter>RecastNavigation\DebugUtils</Filter>
    </ClCompile>
    <ClCompile Include="..\recastnavigation-main\Recast\Source\RecastAlloc.cpp">
      <Filter>RecastNavigation\Recast</Filter>
    </ClCompile>
    <ClCompile Include="..\recastnavigation-main\Recast\Source\RecastAssert.cpp">
      <Filter>RecastNavigation\Recast</Filter>
    </ClCompile>
    <ClCompile Include="..\recastnavigation-main\DebugUtils\Source\DetourDebugDraw.cpp">
      <Filter>RecastNavigation\DebugUtils</Filter>
    </ClCompile>
    <ClCompile Include="..\recastnavigation-main\DebugUtils\Source\RecastDebugDraw.cpp">
      <Filter>RecastNavigation\DebugUtils</Filter>
    </ClCompile>
    <ClCompile Include="..\recastnavigation-main\Recast\Source\RecastFilter.cpp">
      <Filter>RecastNavigation\Recast</Filter>
    </ClCompile>
    <ClCompile Include="..\recastnavigation-main\Recast\Source\RecastArea.cpp">
      <Filter>RecastNavigation\Recast</Filter>
    </ClCompile>
    <ClCompile Include="..\recastnavigation-main\Recast\Source\RecastContour.cpp">
      <Filter>RecastNavigation\Recast</Filter>
    </ClCompile>
    <ClCompile Include="..\recastnavigation-main\Recast\Source\RecastLayers.cpp">
      <Filter>RecastNavigation\Recast</Filter>
    </ClCompile>
    <ClCompile Include="..\recastnavigation-main\Recast\Source\RecastMesh.cpp">
      <Filter>RecastNavigation\Recast</Filter>
    </ClCompile>
    <ClCompile Include="..\recastnavigation-main\Recast\Source\RecastMeshDetail.cpp">
      <Filter>RecastNavigation\Recast</Filter>
    </ClCompile>
    <ClCompile Include="..\recastnavigation-main\Recast\Source\RecastRasterization.cpp">
      <Filter>RecastNavigation\Recast</Filter>
    </ClCompile>
    <ClCompile Include="..\recastnavigation-main\Recast\Source\RecastRegion.cpp">
      <Filter>RecastNavigation\Recast</Filter>
    </ClCompile>
    <ClCompile Include="..\MiniDump\MiniDump.cpp">
      <Filter>MiniDump</Filter>
    </ClCompile>
    <ClCompile Include="多人战局.cpp">
      <Filter>源文件</Filter>
    </ClCompile>
    <ClCompile Include="单位组件\AoiComponent.cpp">
      <Filter>单位组件</Filter>
    </ClCompile>
    <ClCompile Include="单位组件\AttackComponent.cpp">
      <Filter>单位组件</Filter>
    </ClCompile>
    <ClCompile Include="单位组件\BuildingComponent.cpp">
      <Filter>单位组件</Filter>
    </ClCompile>
    <ClCompile Include="单位组件\DefenceComponent.cpp">
      <Filter>单位组件</Filter>
    </ClCompile>
    <ClCompile Include="单位组件\PlayerComponent.cpp">
      <Filter>单位组件</Filter>
    </ClCompile>
    <ClCompile Include="单位组件\PlayerNickNameComponent.cpp">
      <Filter>单位组件</Filter>
    </ClCompile>
    <ClCompile Include="单位组件\采集Component.cpp">
      <Filter>单位组件</Filter>
    </ClCompile>
    <ClCompile Include="单位组件\可进活动单位Component.cpp">
      <Filter>单位组件</Filter>
    </ClCompile>
    <ClCompile Include="单位组件\临时阻挡Component.cpp">
      <Filter>单位组件</Filter>
    </ClCompile>
    <ClCompile Include="单位组件\造活动单位Component.cpp">
      <Filter>单位组件</Filter>
    </ClCompile>
    <ClCompile Include="单位组件\造建筑Component.cpp">
      <Filter>单位组件</Filter>
    </ClCompile>
    <ClCompile Include="单位组件\资源Component.cpp">
      <Filter>单位组件</Filter>
    </ClCompile>
    <ClCompile Include="单位组件\走Component.cpp">
      <Filter>单位组件</Filter>
    </ClCompile>
    <ClCompile Include="..\读配置文件\Try读Ini本地机器专用.cpp">
      <Filter>读配置文件</Filter>
    </ClCompile>
    <ClCompile Include="单位组件\虫巢Component.cpp">
      <Filter>单位组件</Filter>
    </ClCompile>
    <ClCompile Include="单位组件\飞向目标Component.cpp">
      <Filter>单位组件</Filter>
    </ClCompile>
    <ClCompile Include="单位组件\解锁单位Component.cpp">
      <Filter>单位组件</Filter>
    </ClCompile>
    <ClCompile Include="单位组件\升级单位属性Component.cpp">
      <Filter>单位组件</Filter>
    </ClCompile>
    <ClCompile Include="单位组件\医疗兵Component.cpp">
      <Filter>单位组件</Filter>
    </ClCompile>
    <ClCompile Include="单位组件\找目标走过去Component.cpp">
      <Filter>单位组件</Filter>
    </ClCompile>
    <ClCompile Include="单位组件\BuffComponent.cpp">
      <Filter>单位组件</Filter>
    </ClCompile>
    <ClCompile Include="单位组件\苔蔓扩张Component.cpp">
      <Filter>单位组件</Filter>
    </ClCompile>
    <ClCompile Include="单位组件\苔蔓Component.cpp">
      <Filter>单位组件</Filter>
    </ClCompile>
    <ClCompile Include="单位组件\无苔蔓就持续掉血Component.cpp">
      <Filter>单位组件</Filter>
    </ClCompile>
    <ClCompile Include="单位组件\太岁Component.cpp">
      <Filter>单位组件</Filter>
    </ClCompile>
    <ClCompile Include="单位组件\数值Component.cpp">
      <Filter>单位组件</Filter>
    </ClCompile>
    <ClCompile Include="SpaceSystem.cpp">
      <Filter>源文件</Filter>
    </ClCompile>
  </ItemGroup>
  <ItemGroup>
    <ClInclude Include="Define.h">
      <Filter>头文件</Filter>
    </ClInclude>
    <ClInclude Include="Space.h">
      <Filter>头文件</Filter>
    </ClInclude>
    <ClInclude Include="..\Iocp20Coroutine.h">
      <Filter>头文件</Filter>
    </ClInclude>
    <ClInclude Include="..\CoRoutine\CoTask.h">
      <Filter>CoRoutine</Filter>
    </ClInclude>
    <ClInclude Include="..\CoRoutine\CoTimer.h">
      <Filter>CoRoutine</Filter>
    </ClInclude>
    <ClInclude Include="..\IocpNetwork\ListenSocketCompletionKey.h">
      <Filter>IocpNetwork</Filter>
    </ClInclude>
    <ClInclude Include="..\IocpNetwork\ByteQueue.h">
      <Filter>IocpNetwork</Filter>
    </ClInclude>
    <ClInclude Include="..\IocpNetwork\SessionSocketCompletionKey.h">
      <Filter>IocpNetwork</Filter>
    </ClInclude>
    <ClInclude Include="..\IocpNetwork\ServerTemplate.h">
      <Filter>IocpNetwork</Filter>
    </ClInclude>
    <ClInclude Include="..\IocpNetwork\Server.h">
      <Filter>IocpNetwork</Filter>
    </ClInclude>
    <ClInclude Include="..\IocpNetwork\Overlapped.h">
      <Filter>IocpNetwork</Filter>
    </ClInclude>
    <ClInclude Include="..\IocpNetwork\SessionSocketCompletionKeyTemplate.h">
      <Filter>IocpNetwork</Filter>
    </ClInclude>
    <ClInclude Include="..\IocpNetwork\WebSocketSessionTemplate.h">
      <Filter>IocpNetwork</Filter>
    </ClInclude>
    <ClInclude Include="..\IocpNetwork\WebSocketSession.h">
      <Filter>IocpNetwork</Filter>
    </ClInclude>
    <ClInclude Include="..\LogStrategy\StrategyLog.h">
      <Filter>LogStrategy</Filter>
    </ClInclude>
    <ClInclude Include="..\IocpNetwork\SocketCompeletionKey.h">
      <Filter>IocpNetwork</Filter>
    </ClInclude>
    <ClInclude Include="..\websocketfiles-master\src\ws_packet.h">
      <Filter>websocketfiles-master</Filter>
    </ClInclude>
    <ClInclude Include="..\websocketfiles-master\src\ws_endpoint.h">
      <Filter>websocketfiles-master</Filter>
    </ClInclude>
    <ClInclude Include="..\websocketfiles-master\src\string_helper.h">
      <Filter>websocketfiles-master</Filter>
    </ClInclude>
    <ClInclude Include="..\websocketfiles-master\src\sha1.h">
      <Filter>websocketfiles-master</Filter>
    </ClInclude>
    <ClInclude Include="..\websocketfiles-master\src\base64.h">
      <Filter>websocketfiles-master</Filter>
    </ClInclude>
    <ClInclude Include="..\IocpNetwork\MsgQueue.h">
      <Filter>IocpNetwork</Filter>
    </ClInclude>
    <ClInclude Include="..\IocpNetwork\MsgQueueTemplate.h">
      <Filter>IocpNetwork</Filter>
    </ClInclude>
    <ClInclude Include="..\IocpNetwork\Client.h">
      <Filter>IocpNetwork</Filter>
    </ClInclude>
    <ClInclude Include="..\IocpNetwork\ThreadPool.h">
      <Filter>IocpNetwork</Filter>
    </ClInclude>
    <ClInclude Include="..\IocpNetwork\ListenSocketCompletionKeyTemplate.h">
      <Filter>IocpNetwork</Filter>
    </ClInclude>
    <ClInclude Include="..\IocpNetwork\Sessions.h">
      <Filter>IocpNetwork</Filter>
    </ClInclude>
    <ClInclude Include="..\IocpNetwork\SessionsTemplate.h">
      <Filter>IocpNetwork</Filter>
    </ClInclude>
    <ClInclude Include="..\IocpNetwork\StrConv.h">
      <Filter>IocpNetwork</Filter>
    </ClInclude>
    <ClInclude Include="ClientSession_GameToWorld.h">
      <Filter>头文件</Filter>
    </ClInclude>
    <ClInclude Include="AiCo.h">
      <Filter>头文件</Filter>
    </ClInclude>
    <ClInclude Include="PlayerSystem.h">
      <Filter>头文件</Filter>
    </ClInclude>
    <ClInclude Include="Entity.h">
      <Filter>头文件</Filter>
    </ClInclude>
    <ClInclude Include="SpEntity.h">
      <Filter>头文件</Filter>
    </ClInclude>
    <ClInclude Include="..\CoRoutine\CoRpc.h">
      <Filter>CoRoutine</Filter>
    </ClInclude>
    <ClInclude Include="MyMsgQueue.h">
      <Filter>头文件</Filter>
    </ClInclude>
    <ClInclude Include="..\IocpNetwork\MsgQueueMsgPack.h">
      <Filter>IocpNetwork</Filter>
    </ClInclude>
    <ClInclude Include="..\IocpNetwork\MsgQueueMsgPackTemplate.h">
      <Filter>IocpNetwork</Filter>
    </ClInclude>
    <ClInclude Include="GameSvrSession.h">
      <Filter>头文件</Filter>
    </ClInclude>
    <ClInclude Include="PlayerGateSession_Game.h">
      <Filter>头文件</Filter>
    </ClInclude>
    <ClInclude Include="pch.h">
      <Filter>头文件</Filter>
    </ClInclude>
    <ClInclude Include="GameSvr.h">
      <Filter>头文件</Filter>
    </ClInclude>
    <ClInclude Include="..\IocpNetwork\WsaStartUp.h">
      <Filter>IocpNetwork</Filter>
    </ClInclude>
    <ClInclude Include="AllPort.h">
      <Filter>头文件</Filter>
    </ClInclude>
    <ClInclude Include="..\CoRoutine\CoLock.h">
      <Filter>CoRoutine</Filter>
    </ClInclude>
    <ClInclude Include="MyEvent.h">
      <Filter>头文件</Filter>
    </ClInclude>
    <ClInclude Include="单位.h">
      <Filter>头文件</Filter>
    </ClInclude>
    <ClInclude Include="单人剧情.h">
      <Filter>头文件</Filter>
    </ClInclude>
    <ClInclude Include="Sample_TempObstacles.h">
      <Filter>头文件</Filter>
    </ClInclude>
    <ClInclude Include="RecastNavigationCrowd.h">
      <Filter>头文件</Filter>
    </ClInclude>
    <ClInclude Include="SpSpace.h">
      <Filter>头文件</Filter>
    </ClInclude>
    <ClInclude Include="EntitySystem.h">
      <Filter>头文件</Filter>
    </ClInclude>
    <ClInclude Include="..\MiniDump\MiniDump.h">
      <Filter>MiniDump</Filter>
    </ClInclude>
    <ClInclude Include="多人战局.h">
      <Filter>头文件</Filter>
    </ClInclude>
    <ClInclude Include="单位组件\AoiComponent.h">
      <Filter>单位组件</Filter>
    </ClInclude>
    <ClInclude Include="单位组件\AttackComponent.h">
      <Filter>单位组件</Filter>
    </ClInclude>
    <ClInclude Include="单位组件\BuildingComponent.h">
      <Filter>单位组件</Filter>
    </ClInclude>
    <ClInclude Include="单位组件\DefenceComponent.h">
      <Filter>单位组件</Filter>
    </ClInclude>
    <ClInclude Include="单位组件\PlayerComponent.h">
      <Filter>单位组件</Filter>
    </ClInclude>
    <ClInclude Include="单位组件\PlayerNickNameComponent.h">
      <Filter>单位组件</Filter>
    </ClInclude>
    <ClInclude Include="单位组件\采集Component.h">
      <Filter>单位组件</Filter>
    </ClInclude>
    <ClInclude Include="单位组件\可进活动单位Component.h">
      <Filter>单位组件</Filter>
    </ClInclude>
    <ClInclude Include="单位组件\临时阻挡Component.h">
      <Filter>单位组件</Filter>
    </ClInclude>
    <ClInclude Include="单位组件\造活动单位Component.h">
      <Filter>单位组件</Filter>
    </ClInclude>
    <ClInclude Include="单位组件\造建筑Component.h">
      <Filter>单位组件</Filter>
    </ClInclude>
    <ClInclude Include="单位组件\资源Component.h">
      <Filter>单位组件</Filter>
    </ClInclude>
    <ClInclude Include="单位组件\走Component.h">
      <Filter>单位组件</Filter>
    </ClInclude>
    <ClInclude Include="SpPlayerComponent.h">
      <Filter>头文件</Filter>
    </ClInclude>
    <ClInclude Include="..\读配置文件\Try读Ini本地机器专用.h">
      <Filter>读配置文件</Filter>
    </ClInclude>
    <ClInclude Include="单位组件\虫巢Component.h">
      <Filter>单位组件</Filter>
    </ClInclude>
    <ClInclude Include="单位组件\飞向目标Component.h">
      <Filter>单位组件</Filter>
    </ClInclude>
    <ClInclude Include="单位组件\解锁单位Component.h">
      <Filter>单位组件</Filter>
    </ClInclude>
    <ClInclude Include="单位组件\升级单位属性Component.h">
      <Filter>单位组件</Filter>
    </ClInclude>
    <ClInclude Include="单位组件\医疗兵Component.h">
      <Filter>单位组件</Filter>
    </ClInclude>
    <ClInclude Include="单位组件\找目标走过去Component.h">
      <Filter>单位组件</Filter>
    </ClInclude>
    <ClInclude Include="单位组件\BuffComponent.h">
      <Filter>单位组件</Filter>
    </ClInclude>
    <ClInclude Include="单位组件\苔蔓扩张Component.h">
      <Filter>单位组件</Filter>
    </ClInclude>
    <ClInclude Include="单位组件\苔蔓Component.h">
      <Filter>单位组件</Filter>
    </ClInclude>
    <ClInclude Include="单位组件\无苔蔓就持续掉血Component.h">
      <Filter>单位组件</Filter>
    </ClInclude>
    <ClInclude Include="枚举\BuffId.h">
      <Filter>枚举</Filter>
    </ClInclude>
    <ClInclude Include="枚举\属性类型.h">
      <Filter>枚举</Filter>
    </ClInclude>
    <ClInclude Include="枚举\单位类型.h">
      <Filter>枚举</Filter>
    </ClInclude>
    <ClInclude Include="枚举\MsgId.h">
      <Filter>枚举</Filter>
    </ClInclude>
    <ClInclude Include="单位组件\太岁Component.h">
      <Filter>单位组件</Filter>
    </ClInclude>
    <ClInclude Include="单位组件\数值Component.h">
      <Filter>单位组件</Filter>
    </ClInclude>
    <ClInclude Include="SpaceSystem.h">
      <Filter>头文件</Filter>
    </ClInclude>
  </ItemGroup>
  <ItemGroup>
    <None Include="..\websocketfiles-master\src\string_helper.inl">
      <Filter>websocketfiles-master</Filter>
    </None>
  </ItemGroup>
</Project>