<?xml version="1.0" encoding="utf-8"?>
<Project ToolsVersion="4.0" xmlns="http://schemas.microsoft.com/developer/msbuild/2003">
  <ItemGroup>
    <Filter Include="源文件">
      <UniqueIdentifier>{4FC737F1-C7A5-4376-A066-2A32D752A2FF}</UniqueIdentifier>
      <Extensions>cpp;c;cc;cxx;c++;cppm;ixx;def;odl;idl;hpj;bat;asm;asmx</Extensions>
    </Filter>
    <Filter Include="头文件">
      <UniqueIdentifier>{93995380-89BD-4b04-88EB-625FBE52EBFB}</UniqueIdentifier>
      <Extensions>h;hh;hpp;hxx;h++;hm;inl;inc;ipp;xsd</Extensions>
    </Filter>
    <Filter Include="资源文件">
      <UniqueIdentifier>{67DA6AB6-F800-4c08-8B7A-83BB121AAD01}</UniqueIdentifier>
      <Extensions>rc;ico;cur;bmp;dlg;rc2;rct;bin;rgs;gif;jpg;jpeg;jpe;resx;tiff;tif;png;wav;mfcribbon-ms</Extensions>
    </Filter>
    <Filter Include="CoRountine">
      <UniqueIdentifier>{eff78417-4055-4d99-8ebf-1905c6c2a412}</UniqueIdentifier>
    </Filter>
    <Filter Include="IocpNetwork">
      <UniqueIdentifier>{a89406d5-9808-4afc-8b5e-acde63084d8b}</UniqueIdentifier>
    </Filter>
    <Filter Include="MiniDump">
      <UniqueIdentifier>{44e9de85-807b-43ef-9065-5ea1120100d7}</UniqueIdentifier>
    </Filter>
    <Filter Include="慢操作AliyunGreen">
      <UniqueIdentifier>{821566f4-dbc2-4e17-89c5-39e0a0fbcff4}</UniqueIdentifier>
    </Filter>
    <Filter Include="AliyunGreen">
      <UniqueIdentifier>{757a233d-0d1c-464f-a1f4-de8a14a25f27}</UniqueIdentifier>
    </Filter>
  </ItemGroup>
  <ItemGroup>
    <ClCompile Include="WorldSvrMain.cpp">
      <Filter>源文件</Filter>
    </ClCompile>
    <ClCompile Include="pch.cpp">
      <Filter>源文件</Filter>
    </ClCompile>
    <ClCompile Include="..\IocpNetwork\Overlapped.cpp">
      <Filter>IocpNetwork</Filter>
    </ClCompile>
    <ClCompile Include="..\IocpNetwork\Server.cpp">
      <Filter>IocpNetwork</Filter>
    </ClCompile>
    <ClCompile Include="..\IocpNetwork\SocketCompeletionKey.cpp">
      <Filter>IocpNetwork</Filter>
    </ClCompile>
    <ClCompile Include="..\IocpNetwork\ByteQueue.cpp">
      <Filter>IocpNetwork</Filter>
    </ClCompile>
    <ClCompile Include="..\CoRoutine\CoTask.cpp">
      <Filter>CoRountine</Filter>
    </ClCompile>
    <ClCompile Include="..\CoRoutine\CoTimer.cpp">
      <Filter>CoRountine</Filter>
    </ClCompile>
    <ClCompile Include="..\IocpNetwork\Client.cpp">
      <Filter>IocpNetwork</Filter>
    </ClCompile>
    <ClCompile Include="..\IocpNetwork\ThreadPool.cpp">
      <Filter>IocpNetwork</Filter>
    </ClCompile>
    <ClCompile Include="..\IocpNetwork\StrConv.cpp">
      <Filter>IocpNetwork</Filter>
    </ClCompile>
    <ClCompile Include="WorldSvrAcceptGame.cpp">
      <Filter>源文件</Filter>
    </ClCompile>
    <ClCompile Include="WorldSessionFromGame.cpp">
      <Filter>源文件</Filter>
    </ClCompile>
    <ClCompile Include="..\IocpNetwork\ListenSocketCompletionKey.cpp">
      <Filter>IocpNetwork</Filter>
    </ClCompile>
    <ClCompile Include="..\IocpNetwork\MsgQueue.cpp">
      <Filter>IocpNetwork</Filter>
    </ClCompile>
    <ClCompile Include="PlayerGateSession_World.cpp">
      <Filter>源文件</Filter>
    </ClCompile>
    <ClCompile Include="WorldSvrAcceptGate.cpp">
      <Filter>源文件</Filter>
    </ClCompile>
    <ClCompile Include="..\IocpNetwork\WsaStartUp.cpp">
      <Filter>IocpNetwork</Filter>
    </ClCompile>
    <ClCompile Include="WorldSessionFromGate.cpp">
      <Filter>源文件</Filter>
    </ClCompile>
    <ClCompile Include="..\CoRoutine\CoLock.cpp">
      <Filter>CoRountine</Filter>
    </ClCompile>
    <ClCompile Include="DbPlayer.cpp">
      <Filter>头文件</Filter>
    </ClCompile>
    <ClCompile Include="..\MiniDump\MiniDump.cpp">
      <Filter>MiniDump</Filter>
    </ClCompile>
    <ClCompile Include="..\慢操作AliyunGreen\慢操作AliyunGreen.cpp">
      <Filter>慢操作AliyunGreen</Filter>
    </ClCompile>
    <ClCompile Include="..\AliyunGreen\AliyunGreen.cpp">
      <Filter>AliyunGreen</Filter>
    </ClCompile>
  </ItemGroup>
  <ItemGroup>
    <ClInclude Include="pch.h">
      <Filter>头文件</Filter>
    </ClInclude>
    <ClInclude Include="..\IocpNetwork\Overlapped.h">
      <Filter>IocpNetwork</Filter>
    </ClInclude>
    <ClInclude Include="..\IocpNetwork\Server.h">
      <Filter>IocpNetwork</Filter>
    </ClInclude>
    <ClInclude Include="..\IocpNetwork\ServerTemplate.h">
      <Filter>IocpNetwork</Filter>
    </ClInclude>
    <ClInclude Include="..\IocpNetwork\SocketCompeletionKey.h">
      <Filter>IocpNetwork</Filter>
    </ClInclude>
    <ClInclude Include="..\IocpNetwork\ByteQueue.h">
      <Filter>IocpNetwork</Filter>
    </ClInclude>
    <ClInclude Include="..\CoRoutine\CoTask.h">
      <Filter>CoRountine</Filter>
    </ClInclude>
    <ClInclude Include="..\CoRoutine\CoTimer.h">
      <Filter>CoRountine</Filter>
    </ClInclude>
    <ClInclude Include="..\IocpNetwork\Client.h">
      <Filter>IocpNetwork</Filter>
    </ClInclude>
    <ClInclude Include="..\IocpNetwork\ThreadPool.h">
      <Filter>IocpNetwork</Filter>
    </ClInclude>
    <ClInclude Include="..\IocpNetwork\StrConv.h">
      <Filter>IocpNetwork</Filter>
    </ClInclude>
    <ClInclude Include="WorldSvrAcceptGame.h">
      <Filter>头文件</Filter>
    </ClInclude>
    <ClInclude Include="WorldSessionFromGame.h">
      <Filter>头文件</Filter>
    </ClInclude>
    <ClInclude Include="..\IocpNetwork\MsgPack.h">
      <Filter>IocpNetwork</Filter>
    </ClInclude>
    <ClInclude Include="..\IocpNetwork\ListenSocketCompletionKey.h">
      <Filter>IocpNetwork</Filter>
    </ClInclude>
    <ClInclude Include="..\IocpNetwork\SessionSocketCompletionKey.h">
      <Filter>IocpNetwork</Filter>
    </ClInclude>
    <ClInclude Include="..\IocpNetwork\SessionSocketCompletionKeyTemplate.h">
      <Filter>IocpNetwork</Filter>
    </ClInclude>
    <ClInclude Include="..\IocpNetwork\MsgQueueMsgPack.h">
      <Filter>IocpNetwork</Filter>
    </ClInclude>
    <ClInclude Include="..\IocpNetwork\MsgQueueMsgPackTemplate.h">
      <Filter>IocpNetwork</Filter>
    </ClInclude>
    <ClInclude Include="..\IocpNetwork\MsgQueue.h">
      <Filter>IocpNetwork</Filter>
    </ClInclude>
    <ClInclude Include="..\CoRoutine\CoDb.h">
      <Filter>CoRountine</Filter>
    </ClInclude>
    <ClInclude Include="..\CoRoutine\CoDbTemplate.h">
      <Filter>CoRountine</Filter>
    </ClInclude>
    <ClInclude Include="PlayerGateSession_World.h">
      <Filter>头文件</Filter>
    </ClInclude>
    <ClInclude Include="DbPlayer.h">
      <Filter>头文件</Filter>
    </ClInclude>
    <ClInclude Include="WorldSvrAcceptGate.h">
      <Filter>头文件</Filter>
    </ClInclude>
    <ClInclude Include="..\IocpNetwork\WsaStartUp.h">
      <Filter>IocpNetwork</Filter>
    </ClInclude>
    <ClInclude Include="WorldSessionFromGate.h">
      <Filter>头文件</Filter>
    </ClInclude>
    <ClInclude Include="..\CoRoutine\CoLock.h">
      <Filter>CoRountine</Filter>
    </ClInclude>
    <ClInclude Include="..\MiniDump\MiniDump.h">
      <Filter>MiniDump</Filter>
    </ClInclude>
    <ClInclude Include="..\慢操作AliyunGreen\慢操作AliyunGreen.h">
      <Filter>慢操作AliyunGreen</Filter>
    </ClInclude>
    <ClInclude Include="..\AliyunGreen\AliyunGreen.h">
      <Filter>AliyunGreen</Filter>
    </ClInclude>
  </ItemGroup>
</Project>