<?xml version="1.0" encoding="utf-8"?>
<Project ToolsVersion="4.0" xmlns="http://schemas.microsoft.com/developer/msbuild/2003">
  <ItemGroup>
    <Filter Include="源文件">
      <UniqueIdentifier>{4FC737F1-C7A5-4376-A066-2A32D752A2FF}</UniqueIdentifier>
      <Extensions>cpp;c;cc;cxx;c++;cppm;ixx;def;odl;idl;hpj;bat;asm;asmx</Extensions>
    </Filter>
    <Filter Include="头文件">
      <UniqueIdentifier>{93995380-89BD-4b04-88EB-625FBE52EBFB}</UniqueIdentifier>
      <Extensions>h;hh;hpp;hxx;h++;hm;inl;inc;ipp;xsd</Extensions>
    </Filter>
    <Filter Include="资源文件">
      <UniqueIdentifier>{67DA6AB6-F800-4c08-8B7A-83BB121AAD01}</UniqueIdentifier>
      <Extensions>rc;ico;cur;bmp;dlg;rc2;rct;bin;rgs;gif;jpg;jpeg;jpe;resx;tiff;tif;png;wav;mfcribbon-ms</Extensions>
    </Filter>
    <Filter Include="CoRountine">
      <UniqueIdentifier>{eff78417-4055-4d99-8ebf-1905c6c2a412}</UniqueIdentifier>
    </Filter>
    <Filter Include="IocpNetwork">
      <UniqueIdentifier>{a89406d5-9808-4afc-8b5e-acde63084d8b}</UniqueIdentifier>
    </Filter>
  </ItemGroup>
  <ItemGroup>
    <ClCompile Include="WorldSvr.cpp">
      <Filter>源文件</Filter>
    </ClCompile>
    <ClCompile Include="pch.cpp">
      <Filter>源文件</Filter>
    </ClCompile>
    <ClCompile Include="..\IocpNetwork\Overlapped.cpp">
      <Filter>IocpNetwork</Filter>
    </ClCompile>
    <ClCompile Include="..\IocpNetwork\Server.cpp">
      <Filter>IocpNetwork</Filter>
    </ClCompile>
    <ClCompile Include="..\IocpNetwork\SocketCompeletionKey.cpp">
      <Filter>IocpNetwork</Filter>
    </ClCompile>
    <ClCompile Include="..\IocpNetwork\ByteQueue.cpp">
      <Filter>IocpNetwork</Filter>
    </ClCompile>
    <ClCompile Include="..\CoRoutine\CoTask.cpp">
      <Filter>CoRountine</Filter>
    </ClCompile>
    <ClCompile Include="..\CoRoutine\CoTimer.cpp">
      <Filter>CoRountine</Filter>
    </ClCompile>
    <ClCompile Include="..\IocpNetwork\Client.cpp">
      <Filter>IocpNetwork</Filter>
    </ClCompile>
    <ClCompile Include="..\IocpNetwork\ThreadPool.cpp">
      <Filter>IocpNetwork</Filter>
    </ClCompile>
    <ClCompile Include="..\IocpNetwork\StrConv.cpp">
      <Filter>IocpNetwork</Filter>
    </ClCompile>
    <ClCompile Include="WorldServer.cpp">
      <Filter>源文件</Filter>
    </ClCompile>
    <ClCompile Include="WorldSession.cpp">
      <Filter>源文件</Filter>
    </ClCompile>
    <ClCompile Include="..\IocpNetwork\ListenSocketCompletionKey.cpp">
      <Filter>IocpNetwork</Filter>
    </ClCompile>
    <ClCompile Include="..\IocpNetwork\MsgQueue.cpp">
      <Filter>IocpNetwork</Filter>
    </ClCompile>
  </ItemGroup>
  <ItemGroup>
    <ClInclude Include="pch.h">
      <Filter>头文件</Filter>
    </ClInclude>
    <ClInclude Include="..\IocpNetwork\Overlapped.h">
      <Filter>IocpNetwork</Filter>
    </ClInclude>
    <ClInclude Include="..\IocpNetwork\Server.h">
      <Filter>IocpNetwork</Filter>
    </ClInclude>
    <ClInclude Include="..\IocpNetwork\ServerTemplate.h">
      <Filter>IocpNetwork</Filter>
    </ClInclude>
    <ClInclude Include="..\IocpNetwork\SocketCompeletionKey.h">
      <Filter>IocpNetwork</Filter>
    </ClInclude>
    <ClInclude Include="..\IocpNetwork\ByteQueue.h">
      <Filter>IocpNetwork</Filter>
    </ClInclude>
    <ClInclude Include="..\CoRoutine\CoTask.h">
      <Filter>CoRountine</Filter>
    </ClInclude>
    <ClInclude Include="..\CoRoutine\CoTimer.h">
      <Filter>CoRountine</Filter>
    </ClInclude>
    <ClInclude Include="..\IocpNetwork\Client.h">
      <Filter>IocpNetwork</Filter>
    </ClInclude>
    <ClInclude Include="..\IocpNetwork\ThreadPool.h">
      <Filter>IocpNetwork</Filter>
    </ClInclude>
    <ClInclude Include="..\IocpNetwork\StrConv.h">
      <Filter>IocpNetwork</Filter>
    </ClInclude>
    <ClInclude Include="WorldServer.h">
      <Filter>头文件</Filter>
    </ClInclude>
    <ClInclude Include="WorldSession.h">
      <Filter>头文件</Filter>
    </ClInclude>
    <ClInclude Include="..\IocpNetwork\MsgPack.h">
      <Filter>IocpNetwork</Filter>
    </ClInclude>
    <ClInclude Include="..\IocpNetwork\ListenSocketCompletionKey.h">
      <Filter>IocpNetwork</Filter>
    </ClInclude>
    <ClInclude Include="..\IocpNetwork\SessionSocketCompletionKey.h">
      <Filter>IocpNetwork</Filter>
    </ClInclude>
    <ClInclude Include="..\IocpNetwork\SessionSocketCompletionKeyTemplate.h">
      <Filter>IocpNetwork</Filter>
    </ClInclude>
    <ClInclude Include="..\IocpNetwork\MsgQueueMsgPack.h">
      <Filter>IocpNetwork</Filter>
    </ClInclude>
    <ClInclude Include="..\IocpNetwork\MsgQueueMsgPackTemplate.h">
      <Filter>IocpNetwork</Filter>
    </ClInclude>
    <ClInclude Include="..\IocpNetwork\MsgQueue.h">
      <Filter>IocpNetwork</Filter>
    </ClInclude>
    <ClInclude Include="..\CoRoutine\CoDb.h">
      <Filter>CoRountine</Filter>
    </ClInclude>
    <ClInclude Include="..\CoRoutine\CoDbTemplate.h">
      <Filter>CoRountine</Filter>
    </ClInclude>
  </ItemGroup>
</Project>