<?xml version="1.0" encoding="utf-8"?>
<Project ToolsVersion="4.0" xmlns="http://schemas.microsoft.com/developer/msbuild/2003">
  <ItemGroup>
    <Filter Include="源文件">
      <UniqueIdentifier>{4FC737F1-C7A5-4376-A066-2A32D752A2FF}</UniqueIdentifier>
      <Extensions>cpp;c;cc;cxx;c++;cppm;ixx;def;odl;idl;hpj;bat;asm;asmx</Extensions>
    </Filter>
    <Filter Include="头文件">
      <UniqueIdentifier>{93995380-89BD-4b04-88EB-625FBE52EBFB}</UniqueIdentifier>
      <Extensions>h;hh;hpp;hxx;h++;hm;inl;inc;ipp;xsd</Extensions>
    </Filter>
    <Filter Include="资源文件">
      <UniqueIdentifier>{67DA6AB6-F800-4c08-8B7A-83BB121AAD01}</UniqueIdentifier>
      <Extensions>rc;ico;cur;bmp;dlg;rc2;rct;bin;rgs;gif;jpg;jpeg;jpe;resx;tiff;tif;png;wav;mfcribbon-ms</Extensions>
    </Filter>
    <Filter Include="IocpNetwork">
      <UniqueIdentifier>{01e47966-5cbe-49f3-95cb-2708734e9028}</UniqueIdentifier>
    </Filter>
    <Filter Include="web_socket">
      <UniqueIdentifier>{94a0a2ad-76a1-4efc-bd8a-d176b64a8e6a}</UniqueIdentifier>
    </Filter>
  </ItemGroup>
  <ItemGroup>
    <ClCompile Include="GateSvr.cpp">
      <Filter>源文件</Filter>
    </ClCompile>
    <ClCompile Include="GateSession.cpp">
      <Filter>源文件</Filter>
    </ClCompile>
    <ClCompile Include="GateServer.cpp">
      <Filter>源文件</Filter>
    </ClCompile>
    <ClCompile Include="..\IocpNetwork\ThreadPool.cpp">
      <Filter>IocpNetwork</Filter>
    </ClCompile>
    <ClCompile Include="..\IocpNetwork\ByteQueue.cpp">
      <Filter>IocpNetwork</Filter>
    </ClCompile>
    <ClCompile Include="..\IocpNetwork\ListenSocketCompletionKey.cpp">
      <Filter>IocpNetwork</Filter>
    </ClCompile>
    <ClCompile Include="..\IocpNetwork\SocketCompeletionKey.cpp">
      <Filter>IocpNetwork</Filter>
    </ClCompile>
    <ClCompile Include="..\IocpNetwork\Client.cpp">
      <Filter>IocpNetwork</Filter>
    </ClCompile>
    <ClCompile Include="..\IocpNetwork\MsgPack.cpp">
      <Filter>IocpNetwork</Filter>
    </ClCompile>
    <ClCompile Include="..\IocpNetwork\MsgQueue.cpp">
      <Filter>IocpNetwork</Filter>
    </ClCompile>
    <ClCompile Include="..\IocpNetwork\Overlapped.cpp">
      <Filter>IocpNetwork</Filter>
    </ClCompile>
    <ClCompile Include="..\IocpNetwork\Server.cpp">
      <Filter>IocpNetwork</Filter>
    </ClCompile>
    <ClCompile Include="..\IocpNetwork\StrConv.cpp">
      <Filter>IocpNetwork</Filter>
    </ClCompile>
    <ClCompile Include="GameClientSession.cpp">
      <Filter>源文件</Filter>
    </ClCompile>
    <ClCompile Include="..\websocketfiles-master\src\base64.cpp">
      <Filter>web_socket</Filter>
    </ClCompile>
    <ClCompile Include="..\websocketfiles-master\src\sha1_portable.cpp">
      <Filter>web_socket</Filter>
    </ClCompile>
    <ClCompile Include="..\websocketfiles-master\src\string_helper.cpp">
      <Filter>web_socket</Filter>
    </ClCompile>
    <ClCompile Include="..\websocketfiles-master\src\ws_endpoint.cpp">
      <Filter>web_socket</Filter>
    </ClCompile>
    <ClCompile Include="..\websocketfiles-master\src\ws_packet.cpp">
      <Filter>web_socket</Filter>
    </ClCompile>
    <ClCompile Include="pch.cpp">
      <Filter>源文件</Filter>
    </ClCompile>
    <ClCompile Include="ClientSession_GateToWorld.cpp">
      <Filter>源文件</Filter>
    </ClCompile>
    <ClCompile Include="..\IocpNetwork\WsaStartUp.cpp">
      <Filter>IocpNetwork</Filter>
    </ClCompile>
  </ItemGroup>
  <ItemGroup>
    <ClInclude Include="GateSession.h">
      <Filter>头文件</Filter>
    </ClInclude>
    <ClInclude Include="GateServer.h">
      <Filter>头文件</Filter>
    </ClInclude>
    <ClInclude Include="..\IocpNetwork\ThreadPool.h">
      <Filter>IocpNetwork</Filter>
    </ClInclude>
    <ClInclude Include="..\IocpNetwork\ByteQueue.h">
      <Filter>IocpNetwork</Filter>
    </ClInclude>
    <ClInclude Include="..\IocpNetwork\SocketCompeletionKey.h">
      <Filter>IocpNetwork</Filter>
    </ClInclude>
    <ClInclude Include="..\IocpNetwork\Client.h">
      <Filter>IocpNetwork</Filter>
    </ClInclude>
    <ClInclude Include="..\IocpNetwork\ListenSocketCompletionKey.h">
      <Filter>IocpNetwork</Filter>
    </ClInclude>
    <ClInclude Include="..\IocpNetwork\ListenSocketCompletionKeyTemplate.h">
      <Filter>IocpNetwork</Filter>
    </ClInclude>
    <ClInclude Include="..\IocpNetwork\MsgPack.h">
      <Filter>IocpNetwork</Filter>
    </ClInclude>
    <ClInclude Include="..\IocpNetwork\MsgQueue.h">
      <Filter>IocpNetwork</Filter>
    </ClInclude>
    <ClInclude Include="..\IocpNetwork\MsgQueueMsgPack.h">
      <Filter>IocpNetwork</Filter>
    </ClInclude>
    <ClInclude Include="..\IocpNetwork\MsgQueueMsgPackTemplate.h">
      <Filter>IocpNetwork</Filter>
    </ClInclude>
    <ClInclude Include="..\IocpNetwork\MsgQueueTemplate.h">
      <Filter>IocpNetwork</Filter>
    </ClInclude>
    <ClInclude Include="..\IocpNetwork\Overlapped.h">
      <Filter>IocpNetwork</Filter>
    </ClInclude>
    <ClInclude Include="..\IocpNetwork\Server.h">
      <Filter>IocpNetwork</Filter>
    </ClInclude>
    <ClInclude Include="..\IocpNetwork\ServerTemplate.h">
      <Filter>IocpNetwork</Filter>
    </ClInclude>
    <ClInclude Include="..\IocpNetwork\Sessions.h">
      <Filter>IocpNetwork</Filter>
    </ClInclude>
    <ClInclude Include="..\IocpNetwork\SessionSocketCompletionKey.h">
      <Filter>IocpNetwork</Filter>
    </ClInclude>
    <ClInclude Include="..\IocpNetwork\SessionSocketCompletionKeyTemplate.h">
      <Filter>IocpNetwork</Filter>
    </ClInclude>
    <ClInclude Include="..\IocpNetwork\SessionsTemplate.h">
      <Filter>IocpNetwork</Filter>
    </ClInclude>
    <ClInclude Include="..\IocpNetwork\StrConv.h">
      <Filter>IocpNetwork</Filter>
    </ClInclude>
    <ClInclude Include="..\IocpNetwork\WebSocketSession.h">
      <Filter>IocpNetwork</Filter>
    </ClInclude>
    <ClInclude Include="..\IocpNetwork\WebSocketSessionTemplate.h">
      <Filter>IocpNetwork</Filter>
    </ClInclude>
    <ClInclude Include="GameClientSession.h">
      <Filter>头文件</Filter>
    </ClInclude>
    <ClInclude Include="..\websocketfiles-master\src\base64.h">
      <Filter>web_socket</Filter>
    </ClInclude>
    <ClInclude Include="..\websocketfiles-master\src\sha1.h">
      <Filter>web_socket</Filter>
    </ClInclude>
    <ClInclude Include="..\websocketfiles-master\src\string_helper.h">
      <Filter>web_socket</Filter>
    </ClInclude>
    <ClInclude Include="..\websocketfiles-master\src\ws_endpoint.h">
      <Filter>web_socket</Filter>
    </ClInclude>
    <ClInclude Include="..\websocketfiles-master\src\ws_packet.h">
      <Filter>web_socket</Filter>
    </ClInclude>
    <ClInclude Include="pch.h">
      <Filter>头文件</Filter>
    </ClInclude>
    <ClInclude Include="ClientSession_GateToWorld.h">
      <Filter>头文件</Filter>
    </ClInclude>
    <ClInclude Include="..\IocpNetwork\WsaStartUp.h">
      <Filter>IocpNetwork</Filter>
    </ClInclude>
  </ItemGroup>
  <ItemGroup>
    <None Include="..\websocketfiles-master\src\string_helper.inl">
      <Filter>web_socket</Filter>
    </None>
  </ItemGroup>
</Project>